
Microsoft Visual Studio Solution File, Format Version 12.00
# Visual Studio Version 17
VisualStudioVersion = 17.5.2.0
MinimumVisualStudioVersion = 10.0.40219.1
Project("{FAE04EC0-301F-11D3-BF4B-00C04F79EFBC}") = "App", "App\App.csproj", "{6C0F928A-B28D-D207-D239-598F22CCD0B7}"
EndProject
Project("{FAE04EC0-301F-11D3-BF4B-00C04F79EFBC}") = "WebAppTest", "WebAppTest\WebAppTest.csproj", "{F2F8E440-2050-4A57-BE51-4626B428C928}"
EndProject
Project("{FAE04EC0-301F-11D3-BF4B-00C04F79EFBC}") = "WebApi", "WebApi\WebApi.csproj", "{E08E9367-14E9-4695-A4F1-5085A61792CE}"
EndProject
Project("{FAE04EC0-301F-11D3-BF4B-00C04F79EFBC}") = "WebApplication1", "WebApplication1\WebApplication1.csproj", "{8353D436-1D19-48FF-80D7-6ACFAD78D8C5}"
EndProject
Project("{FAE04EC0-301F-11D3-BF4B-00C04F79EFBC}") = "ConsoleApp1", "ConsoleApp1\ConsoleApp1.csproj", "{C548D328-306F-418C-AED1-1E26DD0D79B7}"
EndProject
Global
	GlobalSection(SolutionConfigurationPlatforms) = preSolution
		Debug|Any CPU = Debug|Any CPU
		Debug|x64 = Debug|x64
		Debug|x86 = Debug|x86
		Release|Any CPU = Release|Any CPU
		Release|x64 = Release|x64
		Release|x86 = Release|x86
	EndGlobalSection
	GlobalSection(ProjectConfigurationPlatforms) = postSolution
		{6C0F928A-B28D-D207-D239-598F22CCD0B7}.Debug|Any CPU.ActiveCfg = Debug|Any CPU
		{6C0F928A-B28D-D207-D239-598F22CCD0B7}.Debug|Any CPU.Build.0 = Debug|Any CPU
		{6C0F928A-B28D-D207-D239-598F22CCD0B7}.Debug|x64.ActiveCfg = Debug|Any CPU
		{6C0F928A-B28D-D207-D239-598F22CCD0B7}.Debug|x64.Build.0 = Debug|Any CPU
		{6C0F928A-B28D-D207-D239-598F22CCD0B7}.Debug|x86.ActiveCfg = Debug|Any CPU
		{6C0F928A-B28D-D207-D239-598F22CCD0B7}.Debug|x86.Build.0 = Debug|Any CPU
		{6C0F928A-B28D-D207-D239-598F22CCD0B7}.Release|Any CPU.ActiveCfg = Release|Any CPU
		{6C0F928A-B28D-D207-D239-598F22CCD0B7}.Release|Any CPU.Build.0 = Release|Any CPU
		{6C0F928A-B28D-D207-D239-598F22CCD0B7}.Release|x64.ActiveCfg = Release|Any CPU
		{6C0F928A-B28D-D207-D239-598F22CCD0B7}.Release|x64.Build.0 = Release|Any CPU
		{6C0F928A-B28D-D207-D239-598F22CCD0B7}.Release|x86.ActiveCfg = Release|Any CPU
		{6C0F928A-B28D-D207-D239-598F22CCD0B7}.Release|x86.Build.0 = Release|Any CPU
		{F2F8E440-2050-4A57-BE51-4626B428C928}.Debug|Any CPU.ActiveCfg = Debug|Any CPU
		{F2F8E440-2050-4A57-BE51-4626B428C928}.Debug|Any CPU.Build.0 = Debug|Any CPU
		{F2F8E440-2050-4A57-BE51-4626B428C928}.Debug|x64.ActiveCfg = Debug|Any CPU
		{F2F8E440-2050-4A57-BE51-4626B428C928}.Debug|x64.Build.0 = Debug|Any CPU
		{F2F8E440-2050-4A57-BE51-4626B428C928}.Debug|x86.ActiveCfg = Debug|Any CPU
		{F2F8E440-2050-4A57-BE51-4626B428C928}.Debug|x86.Build.0 = Debug|Any CPU
		{F2F8E440-2050-4A57-BE51-4626B428C928}.Release|Any CPU.ActiveCfg = Release|Any CPU
		{F2F8E440-2050-4A57-BE51-4626B428C928}.Release|Any CPU.Build.0 = Release|Any CPU
		{F2F8E440-2050-4A57-BE51-4626B428C928}.Release|x64.ActiveCfg = Release|Any CPU
		{F2F8E440-2050-4A57-BE51-4626B428C928}.Release|x64.Build.0 = Release|Any CPU
		{F2F8E440-2050-4A57-BE51-4626B428C928}.Release|x86.ActiveCfg = Release|Any CPU
		{F2F8E440-2050-4A57-BE51-4626B428C928}.Release|x86.Build.0 = Release|Any CPU
		{E08E9367-14E9-4695-A4F1-5085A61792CE}.Debug|Any CPU.ActiveCfg = Debug|Any CPU
		{E08E9367-14E9-4695-A4F1-5085A61792CE}.Debug|Any CPU.Build.0 = Debug|Any CPU
		{E08E9367-14E9-4695-A4F1-5085A61792CE}.Debug|x64.ActiveCfg = Debug|Any CPU
		{E08E9367-14E9-4695-A4F1-5085A61792CE}.Debug|x64.Build.0 = Debug|Any CPU
		{E08E9367-14E9-4695-A4F1-5085A61792CE}.Debug|x86.ActiveCfg = Debug|Any CPU
		{E08E9367-14E9-4695-A4F1-5085A61792CE}.Debug|x86.Build.0 = Debug|Any CPU
		{E08E9367-14E9-4695-A4F1-5085A61792CE}.Release|Any CPU.ActiveCfg = Release|Any CPU
		{E08E9367-14E9-4695-A4F1-5085A61792CE}.Release|Any CPU.Build.0 = Release|Any CPU
		{E08E9367-14E9-4695-A4F1-5085A61792CE}.Release|x64.ActiveCfg = Release|Any CPU
		{E08E9367-14E9-4695-A4F1-5085A61792CE}.Release|x64.Build.0 = Release|Any CPU
		{E08E9367-14E9-4695-A4F1-5085A61792CE}.Release|x86.ActiveCfg = Release|Any CPU
		{E08E9367-14E9-4695-A4F1-5085A61792CE}.Release|x86.Build.0 = Release|Any CPU
		{8353D436-1D19-48FF-80D7-6ACFAD78D8C5}.Debug|Any CPU.ActiveCfg = Debug|Any CPU
		{8353D436-1D19-48FF-80D7-6ACFAD78D8C5}.Debug|Any CPU.Build.0 = Debug|Any CPU
		{8353D436-1D19-48FF-80D7-6ACFAD78D8C5}.Debug|x64.ActiveCfg = Debug|Any CPU
		{8353D436-1D19-48FF-80D7-6ACFAD78D8C5}.Debug|x64.Build.0 = Debug|Any CPU
		{8353D436-1D19-48FF-80D7-6ACFAD78D8C5}.Debug|x86.ActiveCfg = Debug|Any CPU
		{8353D436-1D19-48FF-80D7-6ACFAD78D8C5}.Debug|x86.Build.0 = Debug|Any CPU
		{8353D436-1D19-48FF-80D7-6ACFAD78D8C5}.Release|Any CPU.ActiveCfg = Release|Any CPU
		{8353D436-1D19-48FF-80D7-6ACFAD78D8C5}.Release|Any CPU.Build.0 = Release|Any CPU
		{8353D436-1D19-48FF-80D7-6ACFAD78D8C5}.Release|x64.ActiveCfg = Release|Any CPU
		{8353D436-1D19-48FF-80D7-6ACFAD78D8C5}.Release|x64.Build.0 = Release|Any CPU
		{8353D436-1D19-48FF-80D7-6ACFAD78D8C5}.Release|x86.ActiveCfg = Release|Any CPU
		{8353D436-1D19-48FF-80D7-6ACFAD78D8C5}.Release|x86.Build.0 = Release|Any CPU
		{C548D328-306F-418C-AED1-1E26DD0D79B7}.Debug|Any CPU.ActiveCfg = Debug|Any CPU
		{C548D328-306F-418C-AED1-1E26DD0D79B7}.Debug|Any CPU.Build.0 = Debug|Any CPU
		{C548D328-306F-418C-AED1-1E26DD0D79B7}.Debug|x64.ActiveCfg = Debug|Any CPU
		{C548D328-306F-418C-AED1-1E26DD0D79B7}.Debug|x64.Build.0 = Debug|Any CPU
		{C548D328-306F-418C-AED1-1E26DD0D79B7}.Debug|x86.ActiveCfg = Debug|Any CPU
		{C548D328-306F-418C-AED1-1E26DD0D79B7}.Debug|x86.Build.0 = Debug|Any CPU
		{C548D328-306F-418C-AED1-1E26DD0D79B7}.Release|Any CPU.ActiveCfg = Release|Any CPU
		{C548D328-306F-418C-AED1-1E26DD0D79B7}.Release|Any CPU.Build.0 = Release|Any CPU
		{C548D328-306F-418C-AED1-1E26DD0D79B7}.Release|x64.ActiveCfg = Release|Any CPU
		{C548D328-306F-418C-AED1-1E26DD0D79B7}.Release|x64.Build.0 = Release|Any CPU
		{C548D328-306F-418C-AED1-1E26DD0D79B7}.Release|x86.ActiveCfg = Release|Any CPU
		{C548D328-306F-418C-AED1-1E26DD0D79B7}.Release|x86.Build.0 = Release|Any CPU
	EndGlobalSection
	GlobalSection(SolutionProperties) = preSolution
		HideSolutionNode = FALSE
	EndGlobalSection
	GlobalSection(ExtensibilityGlobals) = postSolution
		SolutionGuid = {29A30D40-293C-427F-B6C8-8AA65338C7EC}
	EndGlobalSection
EndGlobal
